// !$*UTF8*$!
{
	archiveVersion = 1;
	classes = {
	};
	objectVersion = 46;
	objects = {

/* Begin PBXBuildFile section */
		5B01C1861ECCB06600D43867 /* AppDelegate.swift in Sources */ = {isa = PBXBuildFile; fileRef = 5B01C1851ECCB06600D43867 /* AppDelegate.swift */; };
		5B01C1881ECCB06600D43867 /* ViewController.swift in Sources */ = {isa = PBXBuildFile; fileRef = 5B01C1871ECCB06600D43867 /* ViewController.swift */; };
		5B01C18B1ECCB06600D43867 /* Main.storyboard in Resources */ = {isa = PBXBuildFile; fileRef = 5B01C1891ECCB06600D43867 /* Main.storyboard */; };
		5B01C18E1ECCB06600D43867 /* LocalizeMe.xcdatamodeld in Sources */ = {isa = PBXBuildFile; fileRef = 5B01C18C1ECCB06600D43867 /* LocalizeMe.xcdatamodeld */; };
		5B01C1901ECCB06600D43867 /* Assets.xcassets in Resources */ = {isa = PBXBuildFile; fileRef = 5B01C18F1ECCB06600D43867 /* Assets.xcassets */; };
		5B01C1931ECCB06600D43867 /* LaunchScreen.storyboard in Resources */ = {isa = PBXBuildFile; fileRef = 5B01C1911ECCB06600D43867 /* LaunchScreen.storyboard */; };
		5B01C19E1ECCB06900D43867 /* LocalizeMeTests.swift in Sources */ = {isa = PBXBuildFile; fileRef = 5B01C19D1ECCB06900D43867 /* LocalizeMeTests.swift */; };
		5B01C1A91ECCB06900D43867 /* LocalizeMeUITests.swift in Sources */ = {isa = PBXBuildFile; fileRef = 5B01C1A81ECCB06900D43867 /* LocalizeMeUITests.swift */; };
		5B01C1B71ECCB50600D43867 /* flag_france.jpg in Resources */ = {isa = PBXBuildFile; fileRef = 5B01C1B61ECCB50500D43867 /* flag_france.jpg */; };
		5B01C1B91ECCB59500D43867 /* flag_usa.jpg in Resources */ = {isa = PBXBuildFile; fileRef = 5B01C1B81ECCB59500D43867 /* flag_usa.jpg */; };
/* End PBXBuildFile section */

/* Begin PBXContainerItemProxy section */
		5B01C19A1ECCB06900D43867 /* PBXContainerItemProxy */ = {
			isa = PBXContainerItemProxy;
			containerPortal = 5B01C17A1ECCB06300D43867 /* Project object */;
			proxyType = 1;
			remoteGlobalIDString = 5B01C1811ECCB06500D43867;
			remoteInfo = LocalizeMe;
		};
		5B01C1A51ECCB06900D43867 /* PBXContainerItemProxy */ = {
			isa = PBXContainerItemProxy;
			containerPortal = 5B01C17A1ECCB06300D43867 /* Project object */;
			proxyType = 1;
			remoteGlobalIDString = 5B01C1811ECCB06500D43867;
			remoteInfo = LocalizeMe;
		};
/* End PBXContainerItemProxy section */

/* Begin PBXFileReference section */
		5B01C1821ECCB06500D43867 /* LocalizeMe.app */ = {isa = PBXFileReference; explicitFileType = wrapper.application; includeInIndex = 0; path = LocalizeMe.app; sourceTree = BUILT_PRODUCTS_DIR; };
		5B01C1851ECCB06600D43867 /* AppDelegate.swift */ = {isa = PBXFileReference; lastKnownFileType = sourcecode.swift; path = AppDelegate.swift; sourceTree = "<group>"; };
		5B01C1871ECCB06600D43867 /* ViewController.swift */ = {isa = PBXFileReference; lastKnownFileType = sourcecode.swift; path = ViewController.swift; sourceTree = "<group>"; };
		5B01C18A1ECCB06600D43867 /* Base */ = {isa = PBXFileReference; lastKnownFileType = file.storyboard; name = Base; path = Base.lproj/Main.storyboard; sourceTree = "<group>"; };
		5B01C18D1ECCB06600D43867 /* LocalizeMe.xcdatamodel */ = {isa = PBXFileReference; lastKnownFileType = wrapper.xcdatamodel; path = LocalizeMe.xcdatamodel; sourceTree = "<group>"; };
		5B01C18F1ECCB06600D43867 /* Assets.xcassets */ = {isa = PBXFileReference; lastKnownFileType = folder.assetcatalog; path = Assets.xcassets; sourceTree = "<group>"; };
		5B01C1921ECCB06600D43867 /* Base */ = {isa = PBXFileReference; lastKnownFileType = file.storyboard; name = Base; path = Base.lproj/LaunchScreen.storyboard; sourceTree = "<group>"; };
		5B01C1941ECCB06600D43867 /* Info.plist */ = {isa = PBXFileReference; lastKnownFileType = text.plist.xml; path = Info.plist; sourceTree = "<group>"; };
		5B01C1991ECCB06900D43867 /* LocalizeMeTests.xctest */ = {isa = PBXFileReference; explicitFileType = wrapper.cfbundle; includeInIndex = 0; path = LocalizeMeTests.xctest; sourceTree = BUILT_PRODUCTS_DIR; };
		5B01C19D1ECCB06900D43867 /* LocalizeMeTests.swift */ = {isa = PBXFileReference; lastKnownFileType = sourcecode.swift; path = LocalizeMeTests.swift; sourceTree = "<group>"; };
		5B01C19F1ECCB06900D43867 /* Info.plist */ = {isa = PBXFileReference; lastKnownFileType = text.plist.xml; path = Info.plist; sourceTree = "<group>"; };
		5B01C1A41ECCB06900D43867 /* LocalizeMeUITests.xctest */ = {isa = PBXFileReference; explicitFileType = wrapper.cfbundle; includeInIndex = 0; path = LocalizeMeUITests.xctest; sourceTree = BUILT_PRODUCTS_DIR; };
		5B01C1A81ECCB06900D43867 /* LocalizeMeUITests.swift */ = {isa = PBXFileReference; lastKnownFileType = sourcecode.swift; path = LocalizeMeUITests.swift; sourceTree = "<group>"; };
		5B01C1AA1ECCB06900D43867 /* Info.plist */ = {isa = PBXFileReference; lastKnownFileType = text.plist.xml; path = Info.plist; sourceTree = "<group>"; };
		5B01C1B61ECCB50500D43867 /* flag_france.jpg */ = {isa = PBXFileReference; lastKnownFileType = image.jpeg; name = flag_france.jpg; path = ../../../flag_france.jpg; sourceTree = "<group>"; };
		5B01C1B81ECCB59500D43867 /* flag_usa.jpg */ = {isa = PBXFileReference; lastKnownFileType = image.jpeg; name = flag_usa.jpg; path = ../../../flag_usa.jpg; sourceTree = "<group>"; };
/* End PBXFileReference section */

/* Begin PBXFrameworksBuildPhase section */
		5B01C17F1ECCB06500D43867 /* Frameworks */ = {
			isa = PBXFrameworksBuildPhase;
			buildActionMask = 2147483647;
			files = (
			);
			runOnlyForDeploymentPostprocessing = 0;
		};
		5B01C1961ECCB06900D43867 /* Frameworks */ = {
			isa = PBXFrameworksBuildPhase;
			buildActionMask = 2147483647;
			files = (
			);
			runOnlyForDeploymentPostprocessing = 0;
		};
		5B01C1A11ECCB06900D43867 /* Frameworks */ = {
			isa = PBXFrameworksBuildPhase;
			buildActionMask = 2147483647;
			files = (
			);
			runOnlyForDeploymentPostprocessing = 0;
		};
/* End PBXFrameworksBuildPhase section */

/* Begin PBXGroup section */
		5B01C1791ECCB06300D43867 = {
			isa = PBXGroup;
			children = (
				5B01C1841ECCB06500D43867 /* LocalizeMe */,
				5B01C19C1ECCB06900D43867 /* LocalizeMeTests */,
				5B01C1A71ECCB06900D43867 /* LocalizeMeUITests */,
				5B01C1831ECCB06500D43867 /* Products */,
			);
			sourceTree = "<group>";
		};
		5B01C1831ECCB06500D43867 /* Products */ = {
			isa = PBXGroup;
			children = (
				5B01C1821ECCB06500D43867 /* LocalizeMe.app */,
				5B01C1991ECCB06900D43867 /* LocalizeMeTests.xctest */,
				5B01C1A41ECCB06900D43867 /* LocalizeMeUITests.xctest */,
			);
			name = Products;
			sourceTree = "<group>";
		};
		5B01C1841ECCB06500D43867 /* LocalizeMe */ = {
			isa = PBXGroup;
			children = (
				5B01C1851ECCB06600D43867 /* AppDelegate.swift */,
				5B01C1871ECCB06600D43867 /* ViewController.swift */,
				5B01C1891ECCB06600D43867 /* Main.storyboard */,
				5B01C18F1ECCB06600D43867 /* Assets.xcassets */,
				5B01C1B61ECCB50500D43867 /* flag_france.jpg */,
				5B01C1B81ECCB59500D43867 /* flag_usa.jpg */,
				5B01C1911ECCB06600D43867 /* LaunchScreen.storyboard */,
				5B01C1941ECCB06600D43867 /* Info.plist */,
				5B01C18C1ECCB06600D43867 /* LocalizeMe.xcdatamodeld */,
			);
			path = LocalizeMe;
			sourceTree = "<group>";
		};
		5B01C19C1ECCB06900D43867 /* LocalizeMeTests */ = {
			isa = PBXGroup;
			children = (
				5B01C19D1ECCB06900D43867 /* LocalizeMeTests.swift */,
				5B01C19F1ECCB06900D43867 /* Info.plist */,
			);
			path = LocalizeMeTests;
			sourceTree = "<group>";
		};
		5B01C1A71ECCB06900D43867 /* LocalizeMeUITests */ = {
			isa = PBXGroup;
			children = (
				5B01C1A81ECCB06900D43867 /* LocalizeMeUITests.swift */,
				5B01C1AA1ECCB06900D43867 /* Info.plist */,
			);
			path = LocalizeMeUITests;
			sourceTree = "<group>";
		};
/* End PBXGroup section */

/* Begin PBXNativeTarget section */
		5B01C1811ECCB06500D43867 /* LocalizeMe */ = {
			isa = PBXNativeTarget;
			buildConfigurationList = 5B01C1AD1ECCB06A00D43867 /* Build configuration list for PBXNativeTarget "LocalizeMe" */;
			buildPhases = (
				5B01C17E1ECCB06500D43867 /* Sources */,
				5B01C17F1ECCB06500D43867 /* Frameworks */,
				5B01C1801ECCB06500D43867 /* Resources */,
			);
			buildRules = (
			);
			dependencies = (
			);
			name = LocalizeMe;
			productName = LocalizeMe;
			productReference = 5B01C1821ECCB06500D43867 /* LocalizeMe.app */;
			productType = "com.apple.product-type.application";
		};
		5B01C1981ECCB06900D43867 /* LocalizeMeTests */ = {
			isa = PBXNativeTarget;
			buildConfigurationList = 5B01C1B01ECCB06A00D43867 /* Build configuration list for PBXNativeTarget "LocalizeMeTests" */;
			buildPhases = (
				5B01C1951ECCB06900D43867 /* Sources */,
				5B01C1961ECCB06900D43867 /* Frameworks */,
				5B01C1971ECCB06900D43867 /* Resources */,
			);
			buildRules = (
			);
			dependencies = (
				5B01C19B1ECCB06900D43867 /* PBXTargetDependency */,
			);
			name = LocalizeMeTests;
			productName = LocalizeMeTests;
			productReference = 5B01C1991ECCB06900D43867 /* LocalizeMeTests.xctest */;
			productType = "com.apple.product-type.bundle.unit-test";
		};
		5B01C1A31ECCB06900D43867 /* LocalizeMeUITests */ = {
			isa = PBXNativeTarget;
			buildConfigurationList = 5B01C1B31ECCB06A00D43867 /* Build configuration list for PBXNativeTarget "LocalizeMeUITests" */;
			buildPhases = (
				5B01C1A01ECCB06900D43867 /* Sources */,
				5B01C1A11ECCB06900D43867 /* Frameworks */,
				5B01C1A21ECCB06900D43867 /* Resources */,
			);
			buildRules = (
			);
			dependencies = (
				5B01C1A61ECCB06900D43867 /* PBXTargetDependency */,
			);
			name = LocalizeMeUITests;
			productName = LocalizeMeUITests;
			productReference = 5B01C1A41ECCB06900D43867 /* LocalizeMeUITests.xctest */;
			productType = "com.apple.product-type.bundle.ui-testing";
		};
/* End PBXNativeTarget section */

/* Begin PBXProject section */
		5B01C17A1ECCB06300D43867 /* Project object */ = {
			isa = PBXProject;
			attributes = {
				LastSwiftUpdateCheck = 0820;
				LastUpgradeCheck = 0820;
				ORGANIZATIONNAME = "Wasim Ahmad";
				TargetAttributes = {
					5B01C1811ECCB06500D43867 = {
						CreatedOnToolsVersion = 8.2.1;
						ProvisioningStyle = Automatic;
					};
					5B01C1981ECCB06900D43867 = {
						CreatedOnToolsVersion = 8.2.1;
						ProvisioningStyle = Automatic;
						TestTargetID = 5B01C1811ECCB06500D43867;
					};
					5B01C1A31ECCB06900D43867 = {
						CreatedOnToolsVersion = 8.2.1;
						ProvisioningStyle = Automatic;
						TestTargetID = 5B01C1811ECCB06500D43867;
					};
				};
			};
			buildConfigurationList = 5B01C17D1ECCB06400D43867 /* Build configuration list for PBXProject "LocalizeMe" */;
			compatibilityVersion = "Xcode 3.2";
			developmentRegion = English;
			hasScannedForEncodings = 0;
			knownRegions = (
				en,
				Base,
			);
			mainGroup = 5B01C1791ECCB06300D43867;
			productRefGroup = 5B01C1831ECCB06500D43867 /* Products */;
			projectDirPath = "";
			projectRoot = "";
			targets = (
				5B01C1811ECCB06500D43867 /* LocalizeMe */,
				5B01C1981ECCB06900D43867 /* LocalizeMeTests */,
				5B01C1A31ECCB06900D43867 /* LocalizeMeUITests */,
			);
		};
/* End PBXProject section */

/* Begin PBXResourcesBuildPhase section */
		5B01C1801ECCB06500D43867 /* Resources */ = {
			isa = PBXResourcesBuildPhase;
			buildActionMask = 2147483647;
			files = (
				5B01C1931ECCB06600D43867 /* LaunchScreen.storyboard in Resources */,
				5B01C1B91ECCB59500D43867 /* flag_usa.jpg in Resources */,
				5B01C1901ECCB06600D43867 /* Assets.xcassets in Resources */,
				5B01C1B71ECCB50600D43867 /* flag_france.jpg in Resources */,
				5B01C18B1ECCB06600D43867 /* Main.storyboard in Resources */,
			);
			runOnlyForDeploymentPostprocessing = 0;
		};
		5B01C1971ECCB06900D43867 /* Resources */ = {
			isa = PBXResourcesBuildPhase;
			buildActionMask = 2147483647;
			files = (
			);
			runOnlyForDeploymentPostprocessing = 0;
		};
		5B01C1A21ECCB06900D43867 /* Resources */ = {
			isa = PBXResourcesBuildPhase;
			buildActionMask = 2147483647;
			files = (
			);
			runOnlyForDeploymentPostprocessing = 0;
		};
/* End PBXResourcesBuildPhase section */

/* Begin PBXSourcesBuildPhase section */
		5B01C17E1ECCB06500D43867 /* Sources */ = {
			isa = PBXSourcesBuildPhase;
			buildActionMask = 2147483647;
			files = (
				5B01C1881ECCB06600D43867 /* ViewController.swift in Sources */,
				5B01C1861ECCB06600D43867 /* AppDelegate.swift in Sources */,
				5B01C18E1ECCB06600D43867 /* LocalizeMe.xcdatamodeld in Sources */,
			);
			runOnlyForDeploymentPostprocessing = 0;
		};
		5B01C1951ECCB06900D43867 /* Sources */ = {
			isa = PBXSourcesBuildPhase;
			buildActionMask = 2147483647;
			files = (
				5B01C19E1ECCB06900D43867 /* LocalizeMeTests.swift in Sources */,
			);
			runOnlyForDeploymentPostprocessing = 0;
		};
		5B01C1A01ECCB06900D43867 /* Sources */ = {
			isa = PBXSourcesBuildPhase;
			buildActionMask = 2147483647;
			files = (
				5B01C1A91ECCB06900D43867 /* LocalizeMeUITests.swift in Sources */,
			);
			runOnlyForDeploymentPostprocessing = 0;
		};
/* End PBXSourcesBuildPhase section */

/* Begin PBXTargetDependency section */
		5B01C19B1ECCB06900D43867 /* PBXTargetDependency */ = {
			isa = PBXTargetDependency;
			target = 5B01C1811ECCB06500D43867 /* LocalizeMe */;
			targetProxy = 5B01C19A1ECCB06900D43867 /* PBXContainerItemProxy */;
		};
		5B01C1A61ECCB06900D43867 /* PBXTargetDependency */ = {
			isa = PBXTargetDependency;
			target = 5B01C1811ECCB06500D43867 /* LocalizeMe */;
			targetProxy = 5B01C1A51ECCB06900D43867 /* PBXContainerItemProxy */;
		};
/* End PBXTargetDependency section */

/* Begin PBXVariantGroup section */
		5B01C1891ECCB06600D43867 /* Main.storyboard */ = {
			isa = PBXVariantGroup;
			children = (
				5B01C18A1ECCB06600D43867 /* Base */,
			);
			name = Main.storyboard;
			sourceTree = "<group>";
		};
		5B01C1911ECCB06600D43867 /* LaunchScreen.storyboard */ = {
			isa = PBXVariantGroup;
			children = (
				5B01C1921ECCB06600D43867 /* Base */,
			);
			name = LaunchScreen.storyboard;
			sourceTree = "<group>";
		};
/* End PBXVariantGroup section */

/* Begin XCBuildConfiguration section */
		5B01C1AB1ECCB06A00D43867 /* Debug */ = {
			isa = XCBuildConfiguration;
			buildSettings = {
				ALWAYS_SEARCH_USER_PATHS = NO;
				CLANG_ANALYZER_NONNULL = YES;
				CLANG_CXX_LANGUAGE_STANDARD = "gnu++0x";
				CLANG_CXX_LIBRARY = "libc++";
				CLANG_ENABLE_MODULES = YES;
				CLANG_ENABLE_OBJC_ARC = YES;
				CLANG_WARN_BOOL_CONVERSION = YES;
				CLANG_WARN_CONSTANT_CONVERSION = YES;
				CLANG_WARN_DIRECT_OBJC_ISA_USAGE = YES_ERROR;
				CLANG_WARN_DOCUMENTATION_COMMENTS = YES;
				CLANG_WARN_EMPTY_BODY = YES;
				CLANG_WARN_ENUM_CONVERSION = YES;
				CLANG_WARN_INFINITE_RECURSION = YES;
				CLANG_WARN_INT_CONVERSION = YES;
				CLANG_WARN_OBJC_ROOT_CLASS = YES_ERROR;
				CLANG_WARN_SUSPICIOUS_MOVE = YES;
				CLANG_WARN_UNREACHABLE_CODE = YES;
				CLANG_WARN__DUPLICATE_METHOD_MATCH = YES;
				"CODE_SIGN_IDENTITY[sdk=iphoneos*]" = "iPhone Developer";
				COPY_PHASE_STRIP = NO;
				DEBUG_INFORMATION_FORMAT = dwarf;
				ENABLE_STRICT_OBJC_MSGSEND = YES;
				ENABLE_TESTABILITY = YES;
				GCC_C_LANGUAGE_STANDARD = gnu99;
				GCC_DYNAMIC_NO_PIC = NO;
				GCC_NO_COMMON_BLOCKS = YES;
				GCC_OPTIMIZATION_LEVEL = 0;
				GCC_PREPROCESSOR_DEFINITIONS = (
					"DEBUG=1",
					"$(inherited)",
				);
				GCC_WARN_64_TO_32_BIT_CONVERSION = YES;
				GCC_WARN_ABOUT_RETURN_TYPE = YES_ERROR;
				GCC_WARN_UNDECLARED_SELECTOR = YES;
				GCC_WARN_UNINITIALIZED_AUTOS = YES_AGGRESSIVE;
				GCC_WARN_UNUSED_FUNCTION = YES;
				GCC_WARN_UNUSED_VARIABLE = YES;
				IPHONEOS_DEPLOYMENT_TARGET = 10.2;
				MTL_ENABLE_DEBUG_INFO = YES;
				ONLY_ACTIVE_ARCH = YES;
				SDKROOT = iphoneos;
				SWIFT_ACTIVE_COMPILATION_CONDITIONS = DEBUG;
				SWIFT_OPTIMIZATION_LEVEL = "-Onone";
				TARGETED_DEVICE_FAMILY = "1,2";
			};
			name = Debug;
		};
		5B01C1AC1ECCB06A00D43867 /* Release */ = {
			isa = XCBuildConfiguration;
			buildSettings = {
				ALWAYS_SEARCH_USER_PATHS = NO;
				CLANG_ANALYZER_NONNULL = YES;
				CLANG_CXX_LANGUAGE_STANDARD = "gnu++0x";
				CLANG_CXX_LIBRARY = "libc++";
				CLANG_ENABLE_MODULES = YES;
				CLANG_ENABLE_OBJC_ARC = YES;
				CLANG_WARN_BOOL_CONVERSION = YES;
				CLANG_WARN_CONSTANT_CONVERSION = YES;
				CLANG_WARN_DIRECT_OBJC_ISA_USAGE = YES_ERROR;
				CLANG_WARN_DOCUMENTATION_COMMENTS = YES;
				CLANG_WARN_EMPTY_BODY = YES;
				CLANG_WARN_ENUM_CONVERSION = YES;
				CLANG_WARN_INFINITE_RECURSION = YES;
				CLANG_WARN_INT_CONVERSION = YES;
				CLANG_WARN_OBJC_ROOT_CLASS = YES_ERROR;
				CLANG_WARN_SUSPICIOUS_MOVE = YES;
				CLANG_WARN_UNREACHABLE_CODE = YES;
				CLANG_WARN__DUPLICATE_METHOD_MATCH = YES;
				"CODE_SIGN_IDENTITY[sdk=iphoneos*]" = "iPhone Developer";
				COPY_PHASE_STRIP = NO;
				DEBUG_INFORMATION_FORMAT = "dwarf-with-dsym";
				ENABLE_NS_ASSERTIONS = NO;
				ENABLE_STRICT_OBJC_MSGSEND = YES;
				GCC_C_LANGUAGE_STANDARD = gnu99;
				GCC_NO_COMMON_BLOCKS = YES;
				GCC_WARN_64_TO_32_BIT_CONVERSION = YES;
				GCC_WARN_ABOUT_RETURN_TYPE = YES_ERROR;
				GCC_WARN_UNDECLARED_SELECTOR = YES;
				GCC_WARN_UNINITIALIZED_AUTOS = YES_AGGRESSIVE;
				GCC_WARN_UNUSED_FUNCTION = YES;
				GCC_WARN_UNUSED_VARIABLE = YES;
				IPHONEOS_DEPLOYMENT_TARGET = 10.2;
				MTL_ENABLE_DEBUG_INFO = NO;
				SDKROOT = iphoneos;
				SWIFT_OPTIMIZATION_LEVEL = "-Owholemodule";
				TARGETED_DEVICE_FAMILY = "1,2";
				VALIDATE_PRODUCT = YES;
			};
			name = Release;
		};
		5B01C1AE1ECCB06A00D43867 /* Debug */ = {
			isa = XCBuildConfiguration;
			buildSettings = {
				ASSETCATALOG_COMPILER_APPICON_NAME = AppIcon;
				INFOPLIST_FILE = LocalizeMe/Info.plist;
				LD_RUNPATH_SEARCH_PATHS = "$(inherited) @executable_path/Frameworks";
				PRODUCT_BUNDLE_IDENTIFIER = com.was.iOS.LocalizeMe;
				PRODUCT_NAME = "$(TARGET_NAME)";
				SWIFT_VERSION = 3.0;
			};
			name = Debug;
		};
		5B01C1AF1ECCB06A00D43867 /* Release */ = {
			isa = XCBuildConfiguration;
			buildSettings = {
				ASSETCATALOG_COMPILER_APPICON_NAME = AppIcon;
				INFOPLIST_FILE = LocalizeMe/Info.plist;
				LD_RUNPATH_SEARCH_PATHS = "$(inherited) @executable_path/Frameworks";
				PRODUCT_BUNDLE_IDENTIFIER = com.was.iOS.LocalizeMe;
				PRODUCT_NAME = "$(TARGET_NAME)";
				SWIFT_VERSION = 3.0;
			};
			name = Release;
		};
		5B01C1B11ECCB06A00D43867 /* Debug */ = {
			isa = XCBuildConfiguration;
			buildSettings = {
				ALWAYS_EMBED_SWIFT_STANDARD_LIBRARIES = YES;
				BUNDLE_LOADER = "$(TEST_HOST)";
				INFOPLIST_FILE = LocalizeMeTests/Info.plist;
				LD_RUNPATH_SEARCH_PATHS = "$(inherited) @executable_path/Frameworks @loader_path/Frameworks";
				PRODUCT_BUNDLE_IDENTIFIER = com.was.iOS.LocalizeMeTests;
				PRODUCT_NAME = "$(TARGET_NAME)";
				SWIFT_VERSION = 3.0;
				TEST_HOST = "$(BUILT_PRODUCTS_DIR)/LocalizeMe.app/LocalizeMe";
			};
			name = Debug;
		};
		5B01C1B21ECCB06A00D43867 /* Release */ = {
			isa = XCBuildConfiguration;
			buildSettings = {
				ALWAYS_EMBED_SWIFT_STANDARD_LIBRARIES = YES;
				BUNDLE_LOADER = "$(TEST_HOST)";
				INFOPLIST_FILE = LocalizeMeTests/Info.plist;
				LD_RUNPATH_SEARCH_PATHS = "$(inherited) @executable_path/Frameworks @loader_path/Frameworks";
				PRODUCT_BUNDLE_IDENTIFIER = com.was.iOS.LocalizeMeTests;
				PRODUCT_NAME = "$(TARGET_NAME)";
				SWIFT_VERSION = 3.0;
				TEST_HOST = "$(BUILT_PRODUCTS_DIR)/LocalizeMe.app/LocalizeMe";
			};
			name = Release;
		};
		5B01C1B41ECCB06A00D43867 /* Debug */ = {
			isa = XCBuildConfiguration;
			buildSettings = {
				ALWAYS_EMBED_SWIFT_STANDARD_LIBRARIES = YES;
				INFOPLIST_FILE = LocalizeMeUITests/Info.plist;
				LD_RUNPATH_SEARCH_PATHS = "$(inherited) @executable_path/Frameworks @loader_path/Frameworks";
				PRODUCT_BUNDLE_IDENTIFIER = com.was.iOS.LocalizeMeUITests;
				PRODUCT_NAME = "$(TARGET_NAME)";
				SWIFT_VERSION = 3.0;
				TEST_TARGET_NAME = LocalizeMe;
			};
			name = Debug;
		};
		5B01C1B51ECCB06A00D43867 /* Release */ = {
			isa = XCBuildConfiguration;
			buildSettings = {
				ALWAYS_EMBED_SWIFT_STANDARD_LIBRARIES = YES;
				INFOPLIST_FILE = LocalizeMeUITests/Info.plist;
				LD_RUNPATH_SEARCH_PATHS = "$(inherited) @executable_path/Frameworks @loader_path/Frameworks";
				PRODUCT_BUNDLE_IDENTIFIER = com.was.iOS.LocalizeMeUITests;
				PRODUCT_NAME = "$(TARGET_NAME)";
				SWIFT_VERSION = 3.0;
				TEST_TARGET_NAME = LocalizeMe;
			};
			name = Release;
		};
/* End XCBuildConfiguration section */

/* Begin XCConfigurationList section */
		5B01C17D1ECCB06400D43867 /* Build configuration list for PBXProject "LocalizeMe" */ = {
			isa = XCConfigurationList;
			buildConfigurations = (
				5B01C1AB1ECCB06A00D43867 /* Debug */,
				5B01C1AC1ECCB06A00D43867 /* Release */,
			);
			defaultConfigurationIsVisible = 0;
			defaultConfigurationName = Release;
		};
		5B01C1AD1ECCB06A00D43867 /* Build configuration list for PBXNativeTarget "LocalizeMe" */ = {
			isa = XCConfigurationList;
			buildConfigurations = (
				5B01C1AE1ECCB06A00D43867 /* Debug */,
				5B01C1AF1ECCB06A00D43867 /* Release */,
			);
			defaultConfigurationIsVisible = 0;
		};
		5B01C1B01ECCB06A00D43867 /* Build configuration list for PBXNativeTarget "LocalizeMeTests" */ = {
			isa = XCConfigurationList;
			buildConfigurations = (
				5B01C1B11ECCB06A00D43867 /* Debug */,
				5B01C1B21ECCB06A00D43867 /* Release */,
			);
			defaultConfigurationIsVisible = 0;
		};
		5B01C1B31ECCB06A00D43867 /* Build configuration list for PBXNativeTarget "LocalizeMeUITests" */ = {
			isa = XCConfigurationList;
			buildConfigurations = (
				5B01C1B41ECCB06A00D43867 /* Debug */,
				5B01C1B51ECCB06A00D43867 /* Release */,
			);
			defaultConfigurationIsVisible = 0;
		};
/* End XCConfigurationList section */

/* Begin XCVersionGroup section */
		5B01C18C1ECCB06600D43867 /* LocalizeMe.xcdatamodeld */ = {
			isa = XCVersionGroup;
			children = (
				5B01C18D1ECCB06600D43867 /* LocalizeMe.xcdatamodel */,
			);
			currentVersion = 5B01C18D1ECCB06600D43867 /* LocalizeMe.xcdatamodel */;
			path = LocalizeMe.xcdatamodeld;
			sourceTree = "<group>";
			versionGroupType = wrapper.xcdatamodel;
		};
/* End XCVersionGroup section */
	};
	rootObject = 5B01C17A1ECCB06300D43867 /* Project object */;
}
