// !$*UTF8*$!
{
	archiveVersion = 1;
	classes = {
	};
	objectVersion = 46;
	objects = {

/* Begin PBXBuildFile section */
		5B5F7B361EB1013D00E8546A /* AppDelegate.swift in Sources */ = {isa = PBXBuildFile; fileRef = 5B5F7B351EB1013D00E8546A /* AppDelegate.swift */; };
		5B5F7B381EB1013D00E8546A /* ViewController.swift in Sources */ = {isa = PBXBuildFile; fileRef = 5B5F7B371EB1013D00E8546A /* ViewController.swift */; };
		5B5F7B3B1EB1013D00E8546A /* Main.storyboard in Resources */ = {isa = PBXBuildFile; fileRef = 5B5F7B391EB1013D00E8546A /* Main.storyboard */; };
		5B5F7B3E1EB1013D00E8546A /* FancyButton.xcdatamodeld in Sources */ = {isa = PBXBuildFile; fileRef = 5B5F7B3C1EB1013D00E8546A /* FancyButton.xcdatamodeld */; };
		5B5F7B401EB1013D00E8546A /* Assets.xcassets in Resources */ = {isa = PBXBuildFile; fileRef = 5B5F7B3F1EB1013D00E8546A /* Assets.xcassets */; };
		5B5F7B431EB1013D00E8546A /* LaunchScreen.storyboard in Resources */ = {isa = PBXBuildFile; fileRef = 5B5F7B411EB1013D00E8546A /* LaunchScreen.storyboard */; };
		5B5F7B4E1EB1013D00E8546A /* FancyButtonTests.swift in Sources */ = {isa = PBXBuildFile; fileRef = 5B5F7B4D1EB1013D00E8546A /* FancyButtonTests.swift */; };
		5B5F7B591EB1013E00E8546A /* FancyButtonUITests.swift in Sources */ = {isa = PBXBuildFile; fileRef = 5B5F7B581EB1013E00E8546A /* FancyButtonUITests.swift */; };
		5B5F7B671EB1032700E8546A /* FancyButton.swift in Sources */ = {isa = PBXBuildFile; fileRef = 5B5F7B661EB1032700E8546A /* FancyButton.swift */; };
		5B5F7B6D1EB1086F00E8546A /* facebook.png in Resources */ = {isa = PBXBuildFile; fileRef = 5B5F7B6C1EB1086F00E8546A /* facebook.png */; };
		5B5F7B6F1EB1087600E8546A /* twitter.png in Resources */ = {isa = PBXBuildFile; fileRef = 5B5F7B6E1EB1087600E8546A /* twitter.png */; };
		5B5F7B711EB1101B00E8546A /* download.png in Resources */ = {isa = PBXBuildFile; fileRef = 5B5F7B701EB1101B00E8546A /* download.png */; };
/* End PBXBuildFile section */

/* Begin PBXContainerItemProxy section */
		5B5F7B4A1EB1013D00E8546A /* PBXContainerItemProxy */ = {
			isa = PBXContainerItemProxy;
			containerPortal = 5B5F7B2A1EB1013D00E8546A /* Project object */;
			proxyType = 1;
			remoteGlobalIDString = 5B5F7B311EB1013D00E8546A;
			remoteInfo = FancyButton;
		};
		5B5F7B551EB1013E00E8546A /* PBXContainerItemProxy */ = {
			isa = PBXContainerItemProxy;
			containerPortal = 5B5F7B2A1EB1013D00E8546A /* Project object */;
			proxyType = 1;
			remoteGlobalIDString = 5B5F7B311EB1013D00E8546A;
			remoteInfo = FancyButton;
		};
/* End PBXContainerItemProxy section */

/* Begin PBXFileReference section */
		5B5F7B321EB1013D00E8546A /* FancyButton.app */ = {isa = PBXFileReference; explicitFileType = wrapper.application; includeInIndex = 0; path = FancyButton.app; sourceTree = BUILT_PRODUCTS_DIR; };
		5B5F7B351EB1013D00E8546A /* AppDelegate.swift */ = {isa = PBXFileReference; lastKnownFileType = sourcecode.swift; path = AppDelegate.swift; sourceTree = "<group>"; };
		5B5F7B371EB1013D00E8546A /* ViewController.swift */ = {isa = PBXFileReference; lastKnownFileType = sourcecode.swift; path = ViewController.swift; sourceTree = "<group>"; };
		5B5F7B3A1EB1013D00E8546A /* Base */ = {isa = PBXFileReference; lastKnownFileType = file.storyboard; name = Base; path = Base.lproj/Main.storyboard; sourceTree = "<group>"; };
		5B5F7B3D1EB1013D00E8546A /* FancyButton.xcdatamodel */ = {isa = PBXFileReference; lastKnownFileType = wrapper.xcdatamodel; path = FancyButton.xcdatamodel; sourceTree = "<group>"; };
		5B5F7B3F1EB1013D00E8546A /* Assets.xcassets */ = {isa = PBXFileReference; lastKnownFileType = folder.assetcatalog; path = Assets.xcassets; sourceTree = "<group>"; };
		5B5F7B421EB1013D00E8546A /* Base */ = {isa = PBXFileReference; lastKnownFileType = file.storyboard; name = Base; path = Base.lproj/LaunchScreen.storyboard; sourceTree = "<group>"; };
		5B5F7B441EB1013D00E8546A /* Info.plist */ = {isa = PBXFileReference; lastKnownFileType = text.plist.xml; path = Info.plist; sourceTree = "<group>"; };
		5B5F7B491EB1013D00E8546A /* FancyButtonTests.xctest */ = {isa = PBXFileReference; explicitFileType = wrapper.cfbundle; includeInIndex = 0; path = FancyButtonTests.xctest; sourceTree = BUILT_PRODUCTS_DIR; };
		5B5F7B4D1EB1013D00E8546A /* FancyButtonTests.swift */ = {isa = PBXFileReference; lastKnownFileType = sourcecode.swift; path = FancyButtonTests.swift; sourceTree = "<group>"; };
		5B5F7B4F1EB1013D00E8546A /* Info.plist */ = {isa = PBXFileReference; lastKnownFileType = text.plist.xml; path = Info.plist; sourceTree = "<group>"; };
		5B5F7B541EB1013E00E8546A /* FancyButtonUITests.xctest */ = {isa = PBXFileReference; explicitFileType = wrapper.cfbundle; includeInIndex = 0; path = FancyButtonUITests.xctest; sourceTree = BUILT_PRODUCTS_DIR; };
		5B5F7B581EB1013E00E8546A /* FancyButtonUITests.swift */ = {isa = PBXFileReference; lastKnownFileType = sourcecode.swift; path = FancyButtonUITests.swift; sourceTree = "<group>"; };
		5B5F7B5A1EB1013E00E8546A /* Info.plist */ = {isa = PBXFileReference; lastKnownFileType = text.plist.xml; path = Info.plist; sourceTree = "<group>"; };
		5B5F7B661EB1032700E8546A /* FancyButton.swift */ = {isa = PBXFileReference; fileEncoding = 4; lastKnownFileType = sourcecode.swift; path = FancyButton.swift; sourceTree = "<group>"; };
		5B5F7B6C1EB1086F00E8546A /* facebook.png */ = {isa = PBXFileReference; lastKnownFileType = image.png; name = facebook.png; path = ../../../facebook.png; sourceTree = "<group>"; };
		5B5F7B6E1EB1087600E8546A /* twitter.png */ = {isa = PBXFileReference; lastKnownFileType = image.png; name = twitter.png; path = ../../../twitter.png; sourceTree = "<group>"; };
		5B5F7B701EB1101B00E8546A /* download.png */ = {isa = PBXFileReference; lastKnownFileType = image.png; name = download.png; path = ../../../download.png; sourceTree = "<group>"; };
/* End PBXFileReference section */

/* Begin PBXFrameworksBuildPhase section */
		5B5F7B2F1EB1013D00E8546A /* Frameworks */ = {
			isa = PBXFrameworksBuildPhase;
			buildActionMask = 2147483647;
			files = (
			);
			runOnlyForDeploymentPostprocessing = 0;
		};
		5B5F7B461EB1013D00E8546A /* Frameworks */ = {
			isa = PBXFrameworksBuildPhase;
			buildActionMask = 2147483647;
			files = (
			);
			runOnlyForDeploymentPostprocessing = 0;
		};
		5B5F7B511EB1013E00E8546A /* Frameworks */ = {
			isa = PBXFrameworksBuildPhase;
			buildActionMask = 2147483647;
			files = (
			);
			runOnlyForDeploymentPostprocessing = 0;
		};
/* End PBXFrameworksBuildPhase section */

/* Begin PBXGroup section */
		5B5F7B291EB1013D00E8546A = {
			isa = PBXGroup;
			children = (
				5B5F7B341EB1013D00E8546A /* FancyButton */,
				5B5F7B4C1EB1013D00E8546A /* FancyButtonTests */,
				5B5F7B571EB1013E00E8546A /* FancyButtonUITests */,
				5B5F7B331EB1013D00E8546A /* Products */,
			);
			sourceTree = "<group>";
		};
		5B5F7B331EB1013D00E8546A /* Products */ = {
			isa = PBXGroup;
			children = (
				5B5F7B321EB1013D00E8546A /* FancyButton.app */,
				5B5F7B491EB1013D00E8546A /* FancyButtonTests.xctest */,
				5B5F7B541EB1013E00E8546A /* FancyButtonUITests.xctest */,
			);
			name = Products;
			sourceTree = "<group>";
		};
		5B5F7B341EB1013D00E8546A /* FancyButton */ = {
			isa = PBXGroup;
			children = (
				5B5F7B351EB1013D00E8546A /* AppDelegate.swift */,
				5B5F7B371EB1013D00E8546A /* ViewController.swift */,
				5B5F7B391EB1013D00E8546A /* Main.storyboard */,
				5B5F7B3F1EB1013D00E8546A /* Assets.xcassets */,
				5B5F7B701EB1101B00E8546A /* download.png */,
				5B5F7B6E1EB1087600E8546A /* twitter.png */,
				5B5F7B6C1EB1086F00E8546A /* facebook.png */,
				5B5F7B411EB1013D00E8546A /* LaunchScreen.storyboard */,
				5B5F7B441EB1013D00E8546A /* Info.plist */,
				5B5F7B3C1EB1013D00E8546A /* FancyButton.xcdatamodeld */,
				5B5F7B661EB1032700E8546A /* FancyButton.swift */,
			);
			path = FancyButton;
			sourceTree = "<group>";
		};
		5B5F7B4C1EB1013D00E8546A /* FancyButtonTests */ = {
			isa = PBXGroup;
			children = (
				5B5F7B4D1EB1013D00E8546A /* FancyButtonTests.swift */,
				5B5F7B4F1EB1013D00E8546A /* Info.plist */,
			);
			path = FancyButtonTests;
			sourceTree = "<group>";
		};
		5B5F7B571EB1013E00E8546A /* FancyButtonUITests */ = {
			isa = PBXGroup;
			children = (
				5B5F7B581EB1013E00E8546A /* FancyButtonUITests.swift */,
				5B5F7B5A1EB1013E00E8546A /* Info.plist */,
			);
			path = FancyButtonUITests;
			sourceTree = "<group>";
		};
/* End PBXGroup section */

/* Begin PBXNativeTarget section */
		5B5F7B311EB1013D00E8546A /* FancyButton */ = {
			isa = PBXNativeTarget;
			buildConfigurationList = 5B5F7B5D1EB1013E00E8546A /* Build configuration list for PBXNativeTarget "FancyButton" */;
			buildPhases = (
				5B5F7B2E1EB1013D00E8546A /* Sources */,
				5B5F7B2F1EB1013D00E8546A /* Frameworks */,
				5B5F7B301EB1013D00E8546A /* Resources */,
			);
			buildRules = (
			);
			dependencies = (
			);
			name = FancyButton;
			productName = FancyButton;
			productReference = 5B5F7B321EB1013D00E8546A /* FancyButton.app */;
			productType = "com.apple.product-type.application";
		};
		5B5F7B481EB1013D00E8546A /* FancyButtonTests */ = {
			isa = PBXNativeTarget;
			buildConfigurationList = 5B5F7B601EB1013E00E8546A /* Build configuration list for PBXNativeTarget "FancyButtonTests" */;
			buildPhases = (
				5B5F7B451EB1013D00E8546A /* Sources */,
				5B5F7B461EB1013D00E8546A /* Frameworks */,
				5B5F7B471EB1013D00E8546A /* Resources */,
			);
			buildRules = (
			);
			dependencies = (
				5B5F7B4B1EB1013D00E8546A /* PBXTargetDependency */,
			);
			name = FancyButtonTests;
			productName = FancyButtonTests;
			productReference = 5B5F7B491EB1013D00E8546A /* FancyButtonTests.xctest */;
			productType = "com.apple.product-type.bundle.unit-test";
		};
		5B5F7B531EB1013E00E8546A /* FancyButtonUITests */ = {
			isa = PBXNativeTarget;
			buildConfigurationList = 5B5F7B631EB1013E00E8546A /* Build configuration list for PBXNativeTarget "FancyButtonUITests" */;
			buildPhases = (
				5B5F7B501EB1013E00E8546A /* Sources */,
				5B5F7B511EB1013E00E8546A /* Frameworks */,
				5B5F7B521EB1013E00E8546A /* Resources */,
			);
			buildRules = (
			);
			dependencies = (
				5B5F7B561EB1013E00E8546A /* PBXTargetDependency */,
			);
			name = FancyButtonUITests;
			productName = FancyButtonUITests;
			productReference = 5B5F7B541EB1013E00E8546A /* FancyButtonUITests.xctest */;
			productType = "com.apple.product-type.bundle.ui-testing";
		};
/* End PBXNativeTarget section */

/* Begin PBXProject section */
		5B5F7B2A1EB1013D00E8546A /* Project object */ = {
			isa = PBXProject;
			attributes = {
				LastSwiftUpdateCheck = 0820;
				LastUpgradeCheck = 0820;
				ORGANIZATIONNAME = "Wasim Ahmad";
				TargetAttributes = {
					5B5F7B311EB1013D00E8546A = {
						CreatedOnToolsVersion = 8.2.1;
						ProvisioningStyle = Automatic;
					};
					5B5F7B481EB1013D00E8546A = {
						CreatedOnToolsVersion = 8.2.1;
						ProvisioningStyle = Automatic;
						TestTargetID = 5B5F7B311EB1013D00E8546A;
					};
					5B5F7B531EB1013E00E8546A = {
						CreatedOnToolsVersion = 8.2.1;
						ProvisioningStyle = Automatic;
						TestTargetID = 5B5F7B311EB1013D00E8546A;
					};
				};
			};
			buildConfigurationList = 5B5F7B2D1EB1013D00E8546A /* Build configuration list for PBXProject "FancyButton" */;
			compatibilityVersion = "Xcode 3.2";
			developmentRegion = English;
			hasScannedForEncodings = 0;
			knownRegions = (
				en,
				Base,
			);
			mainGroup = 5B5F7B291EB1013D00E8546A;
			productRefGroup = 5B5F7B331EB1013D00E8546A /* Products */;
			projectDirPath = "";
			projectRoot = "";
			targets = (
				5B5F7B311EB1013D00E8546A /* FancyButton */,
				5B5F7B481EB1013D00E8546A /* FancyButtonTests */,
				5B5F7B531EB1013E00E8546A /* FancyButtonUITests */,
			);
		};
/* End PBXProject section */

/* Begin PBXResourcesBuildPhase section */
		5B5F7B301EB1013D00E8546A /* Resources */ = {
			isa = PBXResourcesBuildPhase;
			buildActionMask = 2147483647;
			files = (
				5B5F7B431EB1013D00E8546A /* LaunchScreen.storyboard in Resources */,
				5B5F7B6D1EB1086F00E8546A /* facebook.png in Resources */,
				5B5F7B6F1EB1087600E8546A /* twitter.png in Resources */,
				5B5F7B401EB1013D00E8546A /* Assets.xcassets in Resources */,
				5B5F7B3B1EB1013D00E8546A /* Main.storyboard in Resources */,
				5B5F7B711EB1101B00E8546A /* download.png in Resources */,
			);
			runOnlyForDeploymentPostprocessing = 0;
		};
		5B5F7B471EB1013D00E8546A /* Resources */ = {
			isa = PBXResourcesBuildPhase;
			buildActionMask = 2147483647;
			files = (
			);
			runOnlyForDeploymentPostprocessing = 0;
		};
		5B5F7B521EB1013E00E8546A /* Resources */ = {
			isa = PBXResourcesBuildPhase;
			buildActionMask = 2147483647;
			files = (
			);
			runOnlyForDeploymentPostprocessing = 0;
		};
/* End PBXResourcesBuildPhase section */

/* Begin PBXSourcesBuildPhase section */
		5B5F7B2E1EB1013D00E8546A /* Sources */ = {
			isa = PBXSourcesBuildPhase;
			buildActionMask = 2147483647;
			files = (
				5B5F7B381EB1013D00E8546A /* ViewController.swift in Sources */,
				5B5F7B671EB1032700E8546A /* FancyButton.swift in Sources */,
				5B5F7B3E1EB1013D00E8546A /* FancyButton.xcdatamodeld in Sources */,
				5B5F7B361EB1013D00E8546A /* AppDelegate.swift in Sources */,
			);
			runOnlyForDeploymentPostprocessing = 0;
		};
		5B5F7B451EB1013D00E8546A /* Sources */ = {
			isa = PBXSourcesBuildPhase;
			buildActionMask = 2147483647;
			files = (
				5B5F7B4E1EB1013D00E8546A /* FancyButtonTests.swift in Sources */,
			);
			runOnlyForDeploymentPostprocessing = 0;
		};
		5B5F7B501EB1013E00E8546A /* Sources */ = {
			isa = PBXSourcesBuildPhase;
			buildActionMask = 2147483647;
			files = (
				5B5F7B591EB1013E00E8546A /* FancyButtonUITests.swift in Sources */,
			);
			runOnlyForDeploymentPostprocessing = 0;
		};
/* End PBXSourcesBuildPhase section */

/* Begin PBXTargetDependency section */
		5B5F7B4B1EB1013D00E8546A /* PBXTargetDependency */ = {
			isa = PBXTargetDependency;
			target = 5B5F7B311EB1013D00E8546A /* FancyButton */;
			targetProxy = 5B5F7B4A1EB1013D00E8546A /* PBXContainerItemProxy */;
		};
		5B5F7B561EB1013E00E8546A /* PBXTargetDependency */ = {
			isa = PBXTargetDependency;
			target = 5B5F7B311EB1013D00E8546A /* FancyButton */;
			targetProxy = 5B5F7B551EB1013E00E8546A /* PBXContainerItemProxy */;
		};
/* End PBXTargetDependency section */

/* Begin PBXVariantGroup section */
		5B5F7B391EB1013D00E8546A /* Main.storyboard */ = {
			isa = PBXVariantGroup;
			children = (
				5B5F7B3A1EB1013D00E8546A /* Base */,
			);
			name = Main.storyboard;
			sourceTree = "<group>";
		};
		5B5F7B411EB1013D00E8546A /* LaunchScreen.storyboard */ = {
			isa = PBXVariantGroup;
			children = (
				5B5F7B421EB1013D00E8546A /* Base */,
			);
			name = LaunchScreen.storyboard;
			sourceTree = "<group>";
		};
/* End PBXVariantGroup section */

/* Begin XCBuildConfiguration section */
		5B5F7B5B1EB1013E00E8546A /* Debug */ = {
			isa = XCBuildConfiguration;
			buildSettings = {
				ALWAYS_SEARCH_USER_PATHS = NO;
				CLANG_ANALYZER_NONNULL = YES;
				CLANG_CXX_LANGUAGE_STANDARD = "gnu++0x";
				CLANG_CXX_LIBRARY = "libc++";
				CLANG_ENABLE_MODULES = YES;
				CLANG_ENABLE_OBJC_ARC = YES;
				CLANG_WARN_BOOL_CONVERSION = YES;
				CLANG_WARN_CONSTANT_CONVERSION = YES;
				CLANG_WARN_DIRECT_OBJC_ISA_USAGE = YES_ERROR;
				CLANG_WARN_DOCUMENTATION_COMMENTS = YES;
				CLANG_WARN_EMPTY_BODY = YES;
				CLANG_WARN_ENUM_CONVERSION = YES;
				CLANG_WARN_INFINITE_RECURSION = YES;
				CLANG_WARN_INT_CONVERSION = YES;
				CLANG_WARN_OBJC_ROOT_CLASS = YES_ERROR;
				CLANG_WARN_SUSPICIOUS_MOVE = YES;
				CLANG_WARN_UNREACHABLE_CODE = YES;
				CLANG_WARN__DUPLICATE_METHOD_MATCH = YES;
				"CODE_SIGN_IDENTITY[sdk=iphoneos*]" = "iPhone Developer";
				COPY_PHASE_STRIP = NO;
				DEBUG_INFORMATION_FORMAT = dwarf;
				ENABLE_STRICT_OBJC_MSGSEND = YES;
				ENABLE_TESTABILITY = YES;
				GCC_C_LANGUAGE_STANDARD = gnu99;
				GCC_DYNAMIC_NO_PIC = NO;
				GCC_NO_COMMON_BLOCKS = YES;
				GCC_OPTIMIZATION_LEVEL = 0;
				GCC_PREPROCESSOR_DEFINITIONS = (
					"DEBUG=1",
					"$(inherited)",
				);
				GCC_WARN_64_TO_32_BIT_CONVERSION = YES;
				GCC_WARN_ABOUT_RETURN_TYPE = YES_ERROR;
				GCC_WARN_UNDECLARED_SELECTOR = YES;
				GCC_WARN_UNINITIALIZED_AUTOS = YES_AGGRESSIVE;
				GCC_WARN_UNUSED_FUNCTION = YES;
				GCC_WARN_UNUSED_VARIABLE = YES;
				IPHONEOS_DEPLOYMENT_TARGET = 10.2;
				MTL_ENABLE_DEBUG_INFO = YES;
				ONLY_ACTIVE_ARCH = YES;
				SDKROOT = iphoneos;
				SWIFT_ACTIVE_COMPILATION_CONDITIONS = DEBUG;
				SWIFT_OPTIMIZATION_LEVEL = "-Onone";
				TARGETED_DEVICE_FAMILY = "1,2";
			};
			name = Debug;
		};
		5B5F7B5C1EB1013E00E8546A /* Release */ = {
			isa = XCBuildConfiguration;
			buildSettings = {
				ALWAYS_SEARCH_USER_PATHS = NO;
				CLANG_ANALYZER_NONNULL = YES;
				CLANG_CXX_LANGUAGE_STANDARD = "gnu++0x";
				CLANG_CXX_LIBRARY = "libc++";
				CLANG_ENABLE_MODULES = YES;
				CLANG_ENABLE_OBJC_ARC = YES;
				CLANG_WARN_BOOL_CONVERSION = YES;
				CLANG_WARN_CONSTANT_CONVERSION = YES;
				CLANG_WARN_DIRECT_OBJC_ISA_USAGE = YES_ERROR;
				CLANG_WARN_DOCUMENTATION_COMMENTS = YES;
				CLANG_WARN_EMPTY_BODY = YES;
				CLANG_WARN_ENUM_CONVERSION = YES;
				CLANG_WARN_INFINITE_RECURSION = YES;
				CLANG_WARN_INT_CONVERSION = YES;
				CLANG_WARN_OBJC_ROOT_CLASS = YES_ERROR;
				CLANG_WARN_SUSPICIOUS_MOVE = YES;
				CLANG_WARN_UNREACHABLE_CODE = YES;
				CLANG_WARN__DUPLICATE_METHOD_MATCH = YES;
				"CODE_SIGN_IDENTITY[sdk=iphoneos*]" = "iPhone Developer";
				COPY_PHASE_STRIP = NO;
				DEBUG_INFORMATION_FORMAT = "dwarf-with-dsym";
				ENABLE_NS_ASSERTIONS = NO;
				ENABLE_STRICT_OBJC_MSGSEND = YES;
				GCC_C_LANGUAGE_STANDARD = gnu99;
				GCC_NO_COMMON_BLOCKS = YES;
				GCC_WARN_64_TO_32_BIT_CONVERSION = YES;
				GCC_WARN_ABOUT_RETURN_TYPE = YES_ERROR;
				GCC_WARN_UNDECLARED_SELECTOR = YES;
				GCC_WARN_UNINITIALIZED_AUTOS = YES_AGGRESSIVE;
				GCC_WARN_UNUSED_FUNCTION = YES;
				GCC_WARN_UNUSED_VARIABLE = YES;
				IPHONEOS_DEPLOYMENT_TARGET = 10.2;
				MTL_ENABLE_DEBUG_INFO = NO;
				SDKROOT = iphoneos;
				SWIFT_OPTIMIZATION_LEVEL = "-Owholemodule";
				TARGETED_DEVICE_FAMILY = "1,2";
				VALIDATE_PRODUCT = YES;
			};
			name = Release;
		};
		5B5F7B5E1EB1013E00E8546A /* Debug */ = {
			isa = XCBuildConfiguration;
			buildSettings = {
				ASSETCATALOG_COMPILER_APPICON_NAME = AppIcon;
				INFOPLIST_FILE = FancyButton/Info.plist;
				LD_RUNPATH_SEARCH_PATHS = "$(inherited) @executable_path/Frameworks";
				PRODUCT_BUNDLE_IDENTIFIER = com.was.iOS.FancyButton;
				PRODUCT_NAME = "$(TARGET_NAME)";
				SWIFT_VERSION = 3.0;
			};
			name = Debug;
		};
		5B5F7B5F1EB1013E00E8546A /* Release */ = {
			isa = XCBuildConfiguration;
			buildSettings = {
				ASSETCATALOG_COMPILER_APPICON_NAME = AppIcon;
				INFOPLIST_FILE = FancyButton/Info.plist;
				LD_RUNPATH_SEARCH_PATHS = "$(inherited) @executable_path/Frameworks";
				PRODUCT_BUNDLE_IDENTIFIER = com.was.iOS.FancyButton;
				PRODUCT_NAME = "$(TARGET_NAME)";
				SWIFT_VERSION = 3.0;
			};
			name = Release;
		};
		5B5F7B611EB1013E00E8546A /* Debug */ = {
			isa = XCBuildConfiguration;
			buildSettings = {
				ALWAYS_EMBED_SWIFT_STANDARD_LIBRARIES = YES;
				BUNDLE_LOADER = "$(TEST_HOST)";
				INFOPLIST_FILE = FancyButtonTests/Info.plist;
				LD_RUNPATH_SEARCH_PATHS = "$(inherited) @executable_path/Frameworks @loader_path/Frameworks";
				PRODUCT_BUNDLE_IDENTIFIER = com.was.iOS.FancyButtonTests;
				PRODUCT_NAME = "$(TARGET_NAME)";
				SWIFT_VERSION = 3.0;
				TEST_HOST = "$(BUILT_PRODUCTS_DIR)/FancyButton.app/FancyButton";
			};
			name = Debug;
		};
		5B5F7B621EB1013E00E8546A /* Release */ = {
			isa = XCBuildConfiguration;
			buildSettings = {
				ALWAYS_EMBED_SWIFT_STANDARD_LIBRARIES = YES;
				BUNDLE_LOADER = "$(TEST_HOST)";
				INFOPLIST_FILE = FancyButtonTests/Info.plist;
				LD_RUNPATH_SEARCH_PATHS = "$(inherited) @executable_path/Frameworks @loader_path/Frameworks";
				PRODUCT_BUNDLE_IDENTIFIER = com.was.iOS.FancyButtonTests;
				PRODUCT_NAME = "$(TARGET_NAME)";
				SWIFT_VERSION = 3.0;
				TEST_HOST = "$(BUILT_PRODUCTS_DIR)/FancyButton.app/FancyButton";
			};
			name = Release;
		};
		5B5F7B641EB1013E00E8546A /* Debug */ = {
			isa = XCBuildConfiguration;
			buildSettings = {
				ALWAYS_EMBED_SWIFT_STANDARD_LIBRARIES = YES;
				INFOPLIST_FILE = FancyButtonUITests/Info.plist;
				LD_RUNPATH_SEARCH_PATHS = "$(inherited) @executable_path/Frameworks @loader_path/Frameworks";
				PRODUCT_BUNDLE_IDENTIFIER = com.was.iOS.FancyButtonUITests;
				PRODUCT_NAME = "$(TARGET_NAME)";
				SWIFT_VERSION = 3.0;
				TEST_TARGET_NAME = FancyButton;
			};
			name = Debug;
		};
		5B5F7B651EB1013E00E8546A /* Release */ = {
			isa = XCBuildConfiguration;
			buildSettings = {
				ALWAYS_EMBED_SWIFT_STANDARD_LIBRARIES = YES;
				INFOPLIST_FILE = FancyButtonUITests/Info.plist;
				LD_RUNPATH_SEARCH_PATHS = "$(inherited) @executable_path/Frameworks @loader_path/Frameworks";
				PRODUCT_BUNDLE_IDENTIFIER = com.was.iOS.FancyButtonUITests;
				PRODUCT_NAME = "$(TARGET_NAME)";
				SWIFT_VERSION = 3.0;
				TEST_TARGET_NAME = FancyButton;
			};
			name = Release;
		};
/* End XCBuildConfiguration section */

/* Begin XCConfigurationList section */
		5B5F7B2D1EB1013D00E8546A /* Build configuration list for PBXProject "FancyButton" */ = {
			isa = XCConfigurationList;
			buildConfigurations = (
				5B5F7B5B1EB1013E00E8546A /* Debug */,
				5B5F7B5C1EB1013E00E8546A /* Release */,
			);
			defaultConfigurationIsVisible = 0;
			defaultConfigurationName = Release;
		};
		5B5F7B5D1EB1013E00E8546A /* Build configuration list for PBXNativeTarget "FancyButton" */ = {
			isa = XCConfigurationList;
			buildConfigurations = (
				5B5F7B5E1EB1013E00E8546A /* Debug */,
				5B5F7B5F1EB1013E00E8546A /* Release */,
			);
			defaultConfigurationIsVisible = 0;
		};
		5B5F7B601EB1013E00E8546A /* Build configuration list for PBXNativeTarget "FancyButtonTests" */ = {
			isa = XCConfigurationList;
			buildConfigurations = (
				5B5F7B611EB1013E00E8546A /* Debug */,
				5B5F7B621EB1013E00E8546A /* Release */,
			);
			defaultConfigurationIsVisible = 0;
		};
		5B5F7B631EB1013E00E8546A /* Build configuration list for PBXNativeTarget "FancyButtonUITests" */ = {
			isa = XCConfigurationList;
			buildConfigurations = (
				5B5F7B641EB1013E00E8546A /* Debug */,
				5B5F7B651EB1013E00E8546A /* Release */,
			);
			defaultConfigurationIsVisible = 0;
		};
/* End XCConfigurationList section */

/* Begin XCVersionGroup section */
		5B5F7B3C1EB1013D00E8546A /* FancyButton.xcdatamodeld */ = {
			isa = XCVersionGroup;
			children = (
				5B5F7B3D1EB1013D00E8546A /* FancyButton.xcdatamodel */,
			);
			currentVersion = 5B5F7B3D1EB1013D00E8546A /* FancyButton.xcdatamodel */;
			path = FancyButton.xcdatamodeld;
			sourceTree = "<group>";
			versionGroupType = wrapper.xcdatamodel;
		};
/* End XCVersionGroup section */
	};
	rootObject = 5B5F7B2A1EB1013D00E8546A /* Project object */;
}
